# This file is automatically @generated by Cargo.
# It is not intended for manual editing.
version = 3

[[package]]
name = "ferrite-ui"
version = "0.1.0"
dependencies = [
 "ferrite-ui-macro",
]

[[package]]
name = "ferrite-ui-example"
version = "0.1.0"
dependencies = [
 "ferrite-ui",
]

[[package]]
name = "ferrite-ui-macro"
version = "0.1.0"
